
Microsoft Visual Studio Solution File, Format Version 11.00
# Visual Studio 2010
Project("{FAE04EC0-301F-11D3-BF4B-00C04F79EFBC}") = "IntersectionVisualization", "Assembly-CSharp.csproj", "{C85AAF50-92DD-27CF-BB59-2248947A2496}"
EndProject
Global
	GlobalSection(SolutionConfigurationPlatforms) = preSolution
		Debug|Any CPU = Debug|Any CPU
		Release|Any CPU = Release|Any CPU
	EndGlobalSection
	GlobalSection(ProjectConfigurationPlatforms) = postSolution
		{C85AAF50-92DD-27CF-BB59-2248947A2496}.Debug|Any CPU.ActiveCfg = Debug|Any CPU
		{C85AAF50-92DD-27CF-BB59-2248947A2496}.Debug|Any CPU.Build.0 = Debug|Any CPU
		{C85AAF50-92DD-27CF-BB59-2248947A2496}.Release|Any CPU.ActiveCfg = Release|Any CPU
		{C85AAF50-92DD-27CF-BB59-2248947A2496}.Release|Any CPU.Build.0 = Release|Any CPU
	EndGlobalSection
	GlobalSection(SolutionProperties) = preSolution
		HideSolutionNode = FALSE
	EndGlobalSection
	GlobalSection(MonoDevelopProperties) = preSolution
		StartupItem = Assembly-CSharp.csproj
	EndGlobalSection
EndGlobal
